
Microsoft Visual Studio Solution File, Format Version 12.00
# Visual Studio Version 16
VisualStudioVersion = 16.0.29503.13
MinimumVisualStudioVersion = 10.0.40219.1
Project("{FAE04EC0-301F-11D3-BF4B-00C04F79EFBC}") = "P01_StudentSystem", "P01_StudentSystem\P01_StudentSystem.csproj", "{836E7585-CE3C-4601-823B-A63D34A8001B}"
EndProject
Project("{FAE04EC0-301F-11D3-BF4B-00C04F79EFBC}") = "P01_StudentSystem.Data", "P01_StudentSystem.Data\P01_StudentSystem.Data.csproj", "{2CF78591-E5FE-4C04-B22A-B615C02258EE}"
EndProject
Project("{FAE04EC0-301F-11D3-BF4B-00C04F79EFBC}") = "P01_StudentSystem.Data.Models", "P01_StudentSystem.Data.Models\P01_StudentSystem.Data.Models.csproj", "{B66225BA-B930-454A-B96C-1543E1D483E9}"
EndProject
Global
	GlobalSection(SolutionConfigurationPlatforms) = preSolution
		Debug|Any CPU = Debug|Any CPU
		Release|Any CPU = Release|Any CPU
	EndGlobalSection
	GlobalSection(ProjectConfigurationPlatforms) = postSolution
		{836E7585-CE3C-4601-823B-A63D34A8001B}.Debug|Any CPU.ActiveCfg = Debug|Any CPU
		{836E7585-CE3C-4601-823B-A63D34A8001B}.Debug|Any CPU.Build.0 = Debug|Any CPU
		{836E7585-CE3C-4601-823B-A63D34A8001B}.Release|Any CPU.ActiveCfg = Release|Any CPU
		{836E7585-CE3C-4601-823B-A63D34A8001B}.Release|Any CPU.Build.0 = Release|Any CPU
		{2CF78591-E5FE-4C04-B22A-B615C02258EE}.Debug|Any CPU.ActiveCfg = Debug|Any CPU
		{2CF78591-E5FE-4C04-B22A-B615C02258EE}.Debug|Any CPU.Build.0 = Debug|Any CPU
		{2CF78591-E5FE-4C04-B22A-B615C02258EE}.Release|Any CPU.ActiveCfg = Release|Any CPU
		{2CF78591-E5FE-4C04-B22A-B615C02258EE}.Release|Any CPU.Build.0 = Release|Any CPU
		{B66225BA-B930-454A-B96C-1543E1D483E9}.Debug|Any CPU.ActiveCfg = Debug|Any CPU
		{B66225BA-B930-454A-B96C-1543E1D483E9}.Debug|Any CPU.Build.0 = Debug|Any CPU
		{B66225BA-B930-454A-B96C-1543E1D483E9}.Release|Any CPU.ActiveCfg = Release|Any CPU
		{B66225BA-B930-454A-B96C-1543E1D483E9}.Release|Any CPU.Build.0 = Release|Any CPU
	EndGlobalSection
	GlobalSection(SolutionProperties) = preSolution
		HideSolutionNode = FALSE
	EndGlobalSection
	GlobalSection(ExtensibilityGlobals) = postSolution
		SolutionGuid = {27FD511F-8A89-4406-B045-61501EEB470E}
	EndGlobalSection
EndGlobal
