
Microsoft Visual Studio Solution File, Format Version 12.00
# Visual Studio Version 16
VisualStudioVersion = 16.0.29503.13
MinimumVisualStudioVersion = 10.0.40219.1
Project("{FAE04EC0-301F-11D3-BF4B-00C04F79EFBC}") = "01_DefineAnInterfaceIPerson", "01_DefineAnInterfaceIPerson.csproj", "{25CD6FD1-8C6B-4381-82AE-DD453E9F57E1}"
EndProject
Global
	GlobalSection(SolutionConfigurationPlatforms) = preSolution
		Debug|Any CPU = Debug|Any CPU
		Release|Any CPU = Release|Any CPU
	EndGlobalSection
	GlobalSection(ProjectConfigurationPlatforms) = postSolution
		{25CD6FD1-8C6B-4381-82AE-DD453E9F57E1}.Debug|Any CPU.ActiveCfg = Debug|Any CPU
		{25CD6FD1-8C6B-4381-82AE-DD453E9F57E1}.Debug|Any CPU.Build.0 = Debug|Any CPU
		{25CD6FD1-8C6B-4381-82AE-DD453E9F57E1}.Release|Any CPU.ActiveCfg = Release|Any CPU
		{25CD6FD1-8C6B-4381-82AE-DD453E9F57E1}.Release|Any CPU.Build.0 = Release|Any CPU
	EndGlobalSection
	GlobalSection(SolutionProperties) = preSolution
		HideSolutionNode = FALSE
	EndGlobalSection
	GlobalSection(ExtensibilityGlobals) = postSolution
		SolutionGuid = {42267222-B4D1-4DC5-820C-865DF5391708}
	EndGlobalSection
EndGlobal
